
Microsoft Visual Studio Solution File, Format Version 12.00
# Visual Studio Version 17
Project("{2150E333-8FDC-42A3-9474-1A3956D46DE8}") = "CMakePredefinedTargets", "CMakePredefinedTargets", "{FCD44CC4-2EBE-3D31-ACE5-1D9C5E8BC0DE}"
EndProject
Project("{2150E333-8FDC-42A3-9474-1A3956D46DE8}") = "GLFW3", "GLFW3", "{3FDC9CF6-5611-33AE-AF9B-D92817F12AA6}"
EndProject
Project("{8BC9CEB8-8B4A-11D0-8D11-00A0C91BC942}") = "ALL_BUILD", "ALL_BUILD.vcxproj", "{840F7F08-94D5-3430-9BF2-4127D0DF74AB}"
	ProjectSection(ProjectDependencies) = postProject
		{85DC5D07-E0DE-3ED5-8A1D-13799853B4BD} = {85DC5D07-E0DE-3ED5-8A1D-13799853B4BD}
		{0A470C71-C6F5-3EB2-8365-E6EA1D08AFD1} = {0A470C71-C6F5-3EB2-8365-E6EA1D08AFD1}
		{AAC7D243-AE45-3AB8-B83E-596BFBB4B0B3} = {AAC7D243-AE45-3AB8-B83E-596BFBB4B0B3}
		{CC588FDD-3694-37C1-B57E-733492EB1DFD} = {CC588FDD-3694-37C1-B57E-733492EB1DFD}
	EndProjectSection
EndProject
Project("{8BC9CEB8-8B4A-11D0-8D11-00A0C91BC942}") = "INSTALL", "INSTALL.vcxproj", "{2A44B948-AB8F-3C86-BB36-8438180C3FCF}"
	ProjectSection(ProjectDependencies) = postProject
		{840F7F08-94D5-3430-9BF2-4127D0DF74AB} = {840F7F08-94D5-3430-9BF2-4127D0DF74AB}
		{0A470C71-C6F5-3EB2-8365-E6EA1D08AFD1} = {0A470C71-C6F5-3EB2-8365-E6EA1D08AFD1}
	EndProjectSection
EndProject
Project("{8BC9CEB8-8B4A-11D0-8D11-00A0C91BC942}") = "SoulsEngine", "SoulsEngine.vcxproj", "{85DC5D07-E0DE-3ED5-8A1D-13799853B4BD}"
	ProjectSection(ProjectDependencies) = postProject
		{0A470C71-C6F5-3EB2-8365-E6EA1D08AFD1} = {0A470C71-C6F5-3EB2-8365-E6EA1D08AFD1}
		{AAC7D243-AE45-3AB8-B83E-596BFBB4B0B3} = {AAC7D243-AE45-3AB8-B83E-596BFBB4B0B3}
		{CC588FDD-3694-37C1-B57E-733492EB1DFD} = {CC588FDD-3694-37C1-B57E-733492EB1DFD}
	EndProjectSection
EndProject
Project("{8BC9CEB8-8B4A-11D0-8D11-00A0C91BC942}") = "ZERO_CHECK", "ZERO_CHECK.vcxproj", "{0A470C71-C6F5-3EB2-8365-E6EA1D08AFD1}"
	ProjectSection(ProjectDependencies) = postProject
	EndProjectSection
EndProject
Project("{8BC9CEB8-8B4A-11D0-8D11-00A0C91BC942}") = "glfw", "extern\glfw\src\glfw.vcxproj", "{AAC7D243-AE45-3AB8-B83E-596BFBB4B0B3}"
	ProjectSection(ProjectDependencies) = postProject
		{0A470C71-C6F5-3EB2-8365-E6EA1D08AFD1} = {0A470C71-C6F5-3EB2-8365-E6EA1D08AFD1}
	EndProjectSection
EndProject
Project("{8BC9CEB8-8B4A-11D0-8D11-00A0C91BC942}") = "glm", "extern\glm\glm\glm.vcxproj", "{CC588FDD-3694-37C1-B57E-733492EB1DFD}"
	ProjectSection(ProjectDependencies) = postProject
		{0A470C71-C6F5-3EB2-8365-E6EA1D08AFD1} = {0A470C71-C6F5-3EB2-8365-E6EA1D08AFD1}
	EndProjectSection
EndProject
Project("{8BC9CEB8-8B4A-11D0-8D11-00A0C91BC942}") = "uninstall", "extern\glfw\uninstall.vcxproj", "{365EF68D-EB9B-3077-81A4-B0DA98ABC252}"
	ProjectSection(ProjectDependencies) = postProject
		{0A470C71-C6F5-3EB2-8365-E6EA1D08AFD1} = {0A470C71-C6F5-3EB2-8365-E6EA1D08AFD1}
	EndProjectSection
EndProject
Project("{8BC9CEB8-8B4A-11D0-8D11-00A0C91BC942}") = "update_mappings", "extern\glfw\src\update_mappings.vcxproj", "{D8C0A372-3690-30EE-BDB0-4680ABB64C94}"
	ProjectSection(ProjectDependencies) = postProject
		{0A470C71-C6F5-3EB2-8365-E6EA1D08AFD1} = {0A470C71-C6F5-3EB2-8365-E6EA1D08AFD1}
	EndProjectSection
EndProject
Global
	GlobalSection(SolutionConfigurationPlatforms) = preSolution
		Debug|x64 = Debug|x64
		Release|x64 = Release|x64
		MinSizeRel|x64 = MinSizeRel|x64
		RelWithDebInfo|x64 = RelWithDebInfo|x64
	EndGlobalSection
	GlobalSection(ProjectConfigurationPlatforms) = postSolution
		{840F7F08-94D5-3430-9BF2-4127D0DF74AB}.Debug|x64.ActiveCfg = Debug|x64
		{840F7F08-94D5-3430-9BF2-4127D0DF74AB}.Debug|x64.Build.0 = Debug|x64
		{840F7F08-94D5-3430-9BF2-4127D0DF74AB}.Release|x64.ActiveCfg = Release|x64
		{840F7F08-94D5-3430-9BF2-4127D0DF74AB}.Release|x64.Build.0 = Release|x64
		{840F7F08-94D5-3430-9BF2-4127D0DF74AB}.MinSizeRel|x64.ActiveCfg = MinSizeRel|x64
		{840F7F08-94D5-3430-9BF2-4127D0DF74AB}.MinSizeRel|x64.Build.0 = MinSizeRel|x64
		{840F7F08-94D5-3430-9BF2-4127D0DF74AB}.RelWithDebInfo|x64.ActiveCfg = RelWithDebInfo|x64
		{840F7F08-94D5-3430-9BF2-4127D0DF74AB}.RelWithDebInfo|x64.Build.0 = RelWithDebInfo|x64
		{2A44B948-AB8F-3C86-BB36-8438180C3FCF}.Debug|x64.ActiveCfg = Debug|x64
		{2A44B948-AB8F-3C86-BB36-8438180C3FCF}.Release|x64.ActiveCfg = Release|x64
		{2A44B948-AB8F-3C86-BB36-8438180C3FCF}.MinSizeRel|x64.ActiveCfg = MinSizeRel|x64
		{2A44B948-AB8F-3C86-BB36-8438180C3FCF}.RelWithDebInfo|x64.ActiveCfg = RelWithDebInfo|x64
		{85DC5D07-E0DE-3ED5-8A1D-13799853B4BD}.Debug|x64.ActiveCfg = Debug|x64
		{85DC5D07-E0DE-3ED5-8A1D-13799853B4BD}.Debug|x64.Build.0 = Debug|x64
		{85DC5D07-E0DE-3ED5-8A1D-13799853B4BD}.Release|x64.ActiveCfg = Release|x64
		{85DC5D07-E0DE-3ED5-8A1D-13799853B4BD}.Release|x64.Build.0 = Release|x64
		{85DC5D07-E0DE-3ED5-8A1D-13799853B4BD}.MinSizeRel|x64.ActiveCfg = MinSizeRel|x64
		{85DC5D07-E0DE-3ED5-8A1D-13799853B4BD}.MinSizeRel|x64.Build.0 = MinSizeRel|x64
		{85DC5D07-E0DE-3ED5-8A1D-13799853B4BD}.RelWithDebInfo|x64.ActiveCfg = RelWithDebInfo|x64
		{85DC5D07-E0DE-3ED5-8A1D-13799853B4BD}.RelWithDebInfo|x64.Build.0 = RelWithDebInfo|x64
		{0A470C71-C6F5-3EB2-8365-E6EA1D08AFD1}.Debug|x64.ActiveCfg = Debug|x64
		{0A470C71-C6F5-3EB2-8365-E6EA1D08AFD1}.Debug|x64.Build.0 = Debug|x64
		{0A470C71-C6F5-3EB2-8365-E6EA1D08AFD1}.Release|x64.ActiveCfg = Release|x64
		{0A470C71-C6F5-3EB2-8365-E6EA1D08AFD1}.Release|x64.Build.0 = Release|x64
		{0A470C71-C6F5-3EB2-8365-E6EA1D08AFD1}.MinSizeRel|x64.ActiveCfg = MinSizeRel|x64
		{0A470C71-C6F5-3EB2-8365-E6EA1D08AFD1}.MinSizeRel|x64.Build.0 = MinSizeRel|x64
		{0A470C71-C6F5-3EB2-8365-E6EA1D08AFD1}.RelWithDebInfo|x64.ActiveCfg = RelWithDebInfo|x64
		{0A470C71-C6F5-3EB2-8365-E6EA1D08AFD1}.RelWithDebInfo|x64.Build.0 = RelWithDebInfo|x64
		{AAC7D243-AE45-3AB8-B83E-596BFBB4B0B3}.Debug|x64.ActiveCfg = Debug|x64
		{AAC7D243-AE45-3AB8-B83E-596BFBB4B0B3}.Debug|x64.Build.0 = Debug|x64
		{AAC7D243-AE45-3AB8-B83E-596BFBB4B0B3}.Release|x64.ActiveCfg = Release|x64
		{AAC7D243-AE45-3AB8-B83E-596BFBB4B0B3}.Release|x64.Build.0 = Release|x64
		{AAC7D243-AE45-3AB8-B83E-596BFBB4B0B3}.MinSizeRel|x64.ActiveCfg = MinSizeRel|x64
		{AAC7D243-AE45-3AB8-B83E-596BFBB4B0B3}.MinSizeRel|x64.Build.0 = MinSizeRel|x64
		{AAC7D243-AE45-3AB8-B83E-596BFBB4B0B3}.RelWithDebInfo|x64.ActiveCfg = RelWithDebInfo|x64
		{AAC7D243-AE45-3AB8-B83E-596BFBB4B0B3}.RelWithDebInfo|x64.Build.0 = RelWithDebInfo|x64
		{CC588FDD-3694-37C1-B57E-733492EB1DFD}.Debug|x64.ActiveCfg = Debug|x64
		{CC588FDD-3694-37C1-B57E-733492EB1DFD}.Debug|x64.Build.0 = Debug|x64
		{CC588FDD-3694-37C1-B57E-733492EB1DFD}.Release|x64.ActiveCfg = Release|x64
		{CC588FDD-3694-37C1-B57E-733492EB1DFD}.Release|x64.Build.0 = Release|x64
		{CC588FDD-3694-37C1-B57E-733492EB1DFD}.MinSizeRel|x64.ActiveCfg = MinSizeRel|x64
		{CC588FDD-3694-37C1-B57E-733492EB1DFD}.MinSizeRel|x64.Build.0 = MinSizeRel|x64
		{CC588FDD-3694-37C1-B57E-733492EB1DFD}.RelWithDebInfo|x64.ActiveCfg = RelWithDebInfo|x64
		{CC588FDD-3694-37C1-B57E-733492EB1DFD}.RelWithDebInfo|x64.Build.0 = RelWithDebInfo|x64
		{365EF68D-EB9B-3077-81A4-B0DA98ABC252}.Debug|x64.ActiveCfg = Debug|x64
		{365EF68D-EB9B-3077-81A4-B0DA98ABC252}.Release|x64.ActiveCfg = Release|x64
		{365EF68D-EB9B-3077-81A4-B0DA98ABC252}.MinSizeRel|x64.ActiveCfg = MinSizeRel|x64
		{365EF68D-EB9B-3077-81A4-B0DA98ABC252}.RelWithDebInfo|x64.ActiveCfg = RelWithDebInfo|x64
		{D8C0A372-3690-30EE-BDB0-4680ABB64C94}.Debug|x64.ActiveCfg = Debug|x64
		{D8C0A372-3690-30EE-BDB0-4680ABB64C94}.Release|x64.ActiveCfg = Release|x64
		{D8C0A372-3690-30EE-BDB0-4680ABB64C94}.MinSizeRel|x64.ActiveCfg = MinSizeRel|x64
		{D8C0A372-3690-30EE-BDB0-4680ABB64C94}.RelWithDebInfo|x64.ActiveCfg = RelWithDebInfo|x64
	EndGlobalSection
	GlobalSection(NestedProjects) = preSolution
		{840F7F08-94D5-3430-9BF2-4127D0DF74AB} = {FCD44CC4-2EBE-3D31-ACE5-1D9C5E8BC0DE}
		{2A44B948-AB8F-3C86-BB36-8438180C3FCF} = {FCD44CC4-2EBE-3D31-ACE5-1D9C5E8BC0DE}
		{0A470C71-C6F5-3EB2-8365-E6EA1D08AFD1} = {FCD44CC4-2EBE-3D31-ACE5-1D9C5E8BC0DE}
		{AAC7D243-AE45-3AB8-B83E-596BFBB4B0B3} = {3FDC9CF6-5611-33AE-AF9B-D92817F12AA6}
		{365EF68D-EB9B-3077-81A4-B0DA98ABC252} = {3FDC9CF6-5611-33AE-AF9B-D92817F12AA6}
		{D8C0A372-3690-30EE-BDB0-4680ABB64C94} = {3FDC9CF6-5611-33AE-AF9B-D92817F12AA6}
	EndGlobalSection
	GlobalSection(ExtensibilityGlobals) = postSolution
		SolutionGuid = {A94257AC-086A-3308-8F82-6D2C59589702}
	EndGlobalSection
	GlobalSection(ExtensibilityAddIns) = postSolution
	EndGlobalSection
EndGlobal
